
Microsoft Visual Studio Solution File, Format Version 12.00
# Visual Studio Version 17
VisualStudioVersion = 17.7.34024.191
MinimumVisualStudioVersion = 10.0.40219.1
Project("{8BC9CEB8-8B4A-11D0-8D11-00A0C91BC942}") = "FirstConsoleApplication", "FirstConsoleApplication\FirstConsoleApplication.vcxproj", "{9839DB58-4A79-46CD-A9E9-7AD24493CDDD}"
EndProject
Project("{8BC9CEB8-8B4A-11D0-8D11-00A0C91BC942}") = "VariableConsoleApplication", "VariableConsoleApplication\VariableConsoleApplication.vcxproj", "{00C6CCD5-E8E7-48E1-AC30-A32887E3F1BE}"
EndProject
Project("{2150E333-8FDC-42A3-9474-1A3956D46DE8}") = "01. Podstawy", "01. Podstawy", "{7D7DCDF5-3C95-466F-A89A-3098DC90CAE1}"
EndProject
Project("{2150E333-8FDC-42A3-9474-1A3956D46DE8}") = "02. Instrukcje decyzyjne", "02. Instrukcje decyzyjne", "{90416BDF-3471-418F-81F8-69D88EE6BC11}"
EndProject
Project("{8BC9CEB8-8B4A-11D0-8D11-00A0C91BC942}") = "InstructionIfConsoleApplication", "InstructionIfConsoleApplication\InstructionIfConsoleApplication.vcxproj", "{FB8C1456-40F5-4222-8AB0-9EA51035F122}"
EndProject
Project("{8BC9CEB8-8B4A-11D0-8D11-00A0C91BC942}") = "LoopDoWhileConsoleApplication", "LoopDoWhileConsoleApplication\LoopDoWhileConsoleApplication.vcxproj", "{15DB11B6-9976-44DD-822B-D59B49DD41FE}"
EndProject
Project("{8BC9CEB8-8B4A-11D0-8D11-00A0C91BC942}") = "LoopWhileConsoleApplication", "LoopWhileConsoleApplication\LoopWhileConsoleApplication.vcxproj", "{0699A201-1F2A-405C-9FA5-2D72ECE2DC36}"
EndProject
Project("{8BC9CEB8-8B4A-11D0-8D11-00A0C91BC942}") = "LoopForConsoleApplication", "LoopForConsoleApplication\LoopForConsoleApplication.vcxproj", "{F76095D7-140E-4526-B926-4BFF2DE77E46}"
EndProject
Project("{2150E333-8FDC-42A3-9474-1A3956D46DE8}") = "03.Kolekcje", "03.Kolekcje", "{9A540EB4-B093-40D3-A4A7-4B339327D064}"
EndProject
Project("{8BC9CEB8-8B4A-11D0-8D11-00A0C91BC942}") = "CharacterConsoleApplication", "CharacterConsoleApplication\CharacterConsoleApplication.vcxproj", "{B42E9E16-C577-4225-BDEF-DC2FF77DA82B}"
EndProject
Project("{8BC9CEB8-8B4A-11D0-8D11-00A0C91BC942}") = "ArrayConsoleApplication", "ArrayConsoleApplication\ArrayConsoleApplication.vcxproj", "{16A5E763-C875-4D82-8C2F-BF30ACA91D29}"
EndProject
Project("{2150E333-8FDC-42A3-9474-1A3956D46DE8}") = "04.Funkcje", "04.Funkcje", "{C6E40D4E-C6B6-498B-8816-63B65F6D4E7B}"
EndProject
Project("{8BC9CEB8-8B4A-11D0-8D11-00A0C91BC942}") = "FunctionConsoleApplication", "FunctionConsoleApplication\FunctionConsoleApplication.vcxproj", "{2C099C30-9D31-49FC-828A-9D3FA6308C4B}"
EndProject
Project("{2150E333-8FDC-42A3-9474-1A3956D46DE8}") = "05.TicTacToe", "05.TicTacToe", "{4E296CD5-645F-4259-8C4A-5D4DA0595471}"
EndProject
Project("{8BC9CEB8-8B4A-11D0-8D11-00A0C91BC942}") = "TicTacToeConsoleApplication", "TicTacToeConsoleApplication\TicTacToeConsoleApplication.vcxproj", "{84D010C5-62A8-4126-B159-30AA9B83C73D}"
EndProject
Project("{2150E333-8FDC-42A3-9474-1A3956D46DE8}") = "06.Struktury", "06.Struktury", "{44A1644D-87A7-4575-9071-2A3021AC8017}"
EndProject
Project("{8BC9CEB8-8B4A-11D0-8D11-00A0C91BC942}") = "FirstStructConsoleApplication", "FirstStructConsoleApplication\FirstStructConsoleApplication.vcxproj", "{108A19E3-CFA1-428D-961B-4635A6667312}"
EndProject
Project("{2150E333-8FDC-42A3-9474-1A3956D46DE8}") = "Programowanie strukturalne", "Programowanie strukturalne", "{0F2B6D61-D1AF-4B7E-926A-4FFEBEB2CDF5}"
EndProject
Project("{2150E333-8FDC-42A3-9474-1A3956D46DE8}") = "Programowanie obiektowe", "Programowanie obiektowe", "{6A3A5C9F-DD69-434E-A36B-51E187577D99}"
EndProject
Project("{2150E333-8FDC-42A3-9474-1A3956D46DE8}") = "01.Podstawy", "01.Podstawy", "{E58C06F5-1255-4632-BB75-1EC38828E67C}"
EndProject
Project("{8BC9CEB8-8B4A-11D0-8D11-00A0C91BC942}") = "FirstObjectConsoleApplication", "FirstObjectConsoleApplication\FirstObjectConsoleApplication.vcxproj", "{0D7DE798-CA9A-458A-AAE3-C3FD9BD4AF69}"
EndProject
Project("{8BC9CEB8-8B4A-11D0-8D11-00A0C91BC942}") = "ReadAndWriteOnFilesConsoleApplication", "ReadAndWriteOnFilesConsoleApplication\ReadAndWriteOnFilesConsoleApplication.vcxproj", "{6213DB36-CD04-4055-A328-12ADB0E11A50}"
EndProject
Project("{8BC9CEB8-8B4A-11D0-8D11-00A0C91BC942}") = "StringConsoleApplication", "StringConsoleApplication\StringConsoleApplication.vcxproj", "{1BE6B5CA-280F-4E7D-86EB-97088D12F4FA}"
EndProject
Project("{8BC9CEB8-8B4A-11D0-8D11-00A0C91BC942}") = "InheritanceConsoleApplication", "InheritanceConsoleApplication\InheritanceConsoleApplication.vcxproj", "{39D92C07-0738-407B-8E12-FA9A454E2354}"
EndProject
Project("{8BC9CEB8-8B4A-11D0-8D11-00A0C91BC942}") = "Tasks", "Tasks\Tasks.vcxproj", "{6632DAC4-CD55-4781-B51D-3D9229FB625C}"
EndProject
Project("{2150E333-8FDC-42A3-9474-1A3956D46DE8}") = "02.Wskaźniki", "02.Wskaźniki", "{D1D5BBB3-BBDA-4B6D-9B18-12E45644500C}"
EndProject
Project("{8BC9CEB8-8B4A-11D0-8D11-00A0C91BC942}") = "PointersConsoleApplication", "PointersConsoleApplication\PointersConsoleApplication.vcxproj", "{A4303619-4833-4868-8C7A-0C144FA00D0A}"
EndProject
Project("{2150E333-8FDC-42A3-9474-1A3956D46DE8}") = "03.TicTacToeObject", "03.TicTacToeObject", "{721E8B1A-A762-4980-BFBE-123A272FAD16}"
EndProject
Project("{8BC9CEB8-8B4A-11D0-8D11-00A0C91BC942}") = "TicTacToeObjectConsoleApplication", "TicTacToeObjectConsoleApplication\TicTacToeObjectConsoleApplication.vcxproj", "{ED5CB70D-4F89-4C23-99EA-1ABCAB89CACD}"
EndProject
Project("{2150E333-8FDC-42A3-9474-1A3956D46DE8}") = "Matura", "Matura", "{2DF9C87D-FFA6-4880-8B64-01E469FD58B6}"
EndProject
Project("{8BC9CEB8-8B4A-11D0-8D11-00A0C91BC942}") = "MaturaConsoleApplication", "MaturaConsoleApplication\MaturaConsoleApplication.vcxproj", "{D698BDCD-17F4-495C-A33D-88F2083E22B2}"
EndProject
Project("{8BC9CEB8-8B4A-11D0-8D11-00A0C91BC942}") = "Matura2022CzerwiecConsoleApplication", "Matura2022CzerwiecConsoleApplication\Matura2022CzerwiecConsoleApplication.vcxproj", "{1EF8E092-83AE-4C93-93B7-B13141675014}"
EndProject
Project("{8BC9CEB8-8B4A-11D0-8D11-00A0C91BC942}") = "MaturaMaj2024ConsoleApplication", "MaturaMaj2024ConsoleApplication\MaturaMaj2024ConsoleApplication.vcxproj", "{D48BAE72-0B71-44BE-8592-802263DFC6C9}"
EndProject
Project("{2150E333-8FDC-42A3-9474-1A3956D46DE8}") = "C++", "C++", "{02EA681E-C7D8-13C7-8484-4AC65E1B71E8}"
EndProject
Project("{2150E333-8FDC-42A3-9474-1A3956D46DE8}") = "C#", "C#", "{CD9D3C4B-69CC-4818-8A69-4235B0E4E975}"
EndProject
Project("{FAE04EC0-301F-11D3-BF4B-00C04F79EFBC}") = "FirstConsoleApp", "FirstConsoleApp\FirstConsoleApp.csproj", "{0BAD4D79-8465-41C8-96E8-BB12C434B5ED}"
EndProject
Global
	GlobalSection(SolutionConfigurationPlatforms) = preSolution
		Debug|Any CPU = Debug|Any CPU
		Debug|x64 = Debug|x64
		Debug|x86 = Debug|x86
		Release|Any CPU = Release|Any CPU
		Release|x64 = Release|x64
		Release|x86 = Release|x86
	EndGlobalSection
	GlobalSection(ProjectConfigurationPlatforms) = postSolution
		{9839DB58-4A79-46CD-A9E9-7AD24493CDDD}.Debug|Any CPU.ActiveCfg = Debug|x64
		{9839DB58-4A79-46CD-A9E9-7AD24493CDDD}.Debug|Any CPU.Build.0 = Debug|x64
		{9839DB58-4A79-46CD-A9E9-7AD24493CDDD}.Debug|x64.ActiveCfg = Debug|x64
		{9839DB58-4A79-46CD-A9E9-7AD24493CDDD}.Debug|x64.Build.0 = Debug|x64
		{9839DB58-4A79-46CD-A9E9-7AD24493CDDD}.Debug|x86.ActiveCfg = Debug|Win32
		{9839DB58-4A79-46CD-A9E9-7AD24493CDDD}.Debug|x86.Build.0 = Debug|Win32
		{9839DB58-4A79-46CD-A9E9-7AD24493CDDD}.Release|Any CPU.ActiveCfg = Release|x64
		{9839DB58-4A79-46CD-A9E9-7AD24493CDDD}.Release|Any CPU.Build.0 = Release|x64
		{9839DB58-4A79-46CD-A9E9-7AD24493CDDD}.Release|x64.ActiveCfg = Release|x64
		{9839DB58-4A79-46CD-A9E9-7AD24493CDDD}.Release|x64.Build.0 = Release|x64
		{9839DB58-4A79-46CD-A9E9-7AD24493CDDD}.Release|x86.ActiveCfg = Release|Win32
		{9839DB58-4A79-46CD-A9E9-7AD24493CDDD}.Release|x86.Build.0 = Release|Win32
		{00C6CCD5-E8E7-48E1-AC30-A32887E3F1BE}.Debug|Any CPU.ActiveCfg = Debug|x64
		{00C6CCD5-E8E7-48E1-AC30-A32887E3F1BE}.Debug|Any CPU.Build.0 = Debug|x64
		{00C6CCD5-E8E7-48E1-AC30-A32887E3F1BE}.Debug|x64.ActiveCfg = Debug|x64
		{00C6CCD5-E8E7-48E1-AC30-A32887E3F1BE}.Debug|x64.Build.0 = Debug|x64
		{00C6CCD5-E8E7-48E1-AC30-A32887E3F1BE}.Debug|x86.ActiveCfg = Debug|Win32
		{00C6CCD5-E8E7-48E1-AC30-A32887E3F1BE}.Debug|x86.Build.0 = Debug|Win32
		{00C6CCD5-E8E7-48E1-AC30-A32887E3F1BE}.Release|Any CPU.ActiveCfg = Release|x64
		{00C6CCD5-E8E7-48E1-AC30-A32887E3F1BE}.Release|Any CPU.Build.0 = Release|x64
		{00C6CCD5-E8E7-48E1-AC30-A32887E3F1BE}.Release|x64.ActiveCfg = Release|x64
		{00C6CCD5-E8E7-48E1-AC30-A32887E3F1BE}.Release|x64.Build.0 = Release|x64
		{00C6CCD5-E8E7-48E1-AC30-A32887E3F1BE}.Release|x86.ActiveCfg = Release|Win32
		{00C6CCD5-E8E7-48E1-AC30-A32887E3F1BE}.Release|x86.Build.0 = Release|Win32
		{FB8C1456-40F5-4222-8AB0-9EA51035F122}.Debug|Any CPU.ActiveCfg = Debug|x64
		{FB8C1456-40F5-4222-8AB0-9EA51035F122}.Debug|Any CPU.Build.0 = Debug|x64
		{FB8C1456-40F5-4222-8AB0-9EA51035F122}.Debug|x64.ActiveCfg = Debug|x64
		{FB8C1456-40F5-4222-8AB0-9EA51035F122}.Debug|x64.Build.0 = Debug|x64
		{FB8C1456-40F5-4222-8AB0-9EA51035F122}.Debug|x86.ActiveCfg = Debug|Win32
		{FB8C1456-40F5-4222-8AB0-9EA51035F122}.Debug|x86.Build.0 = Debug|Win32
		{FB8C1456-40F5-4222-8AB0-9EA51035F122}.Release|Any CPU.ActiveCfg = Release|x64
		{FB8C1456-40F5-4222-8AB0-9EA51035F122}.Release|Any CPU.Build.0 = Release|x64
		{FB8C1456-40F5-4222-8AB0-9EA51035F122}.Release|x64.ActiveCfg = Release|x64
		{FB8C1456-40F5-4222-8AB0-9EA51035F122}.Release|x64.Build.0 = Release|x64
		{FB8C1456-40F5-4222-8AB0-9EA51035F122}.Release|x86.ActiveCfg = Release|Win32
		{FB8C1456-40F5-4222-8AB0-9EA51035F122}.Release|x86.Build.0 = Release|Win32
		{15DB11B6-9976-44DD-822B-D59B49DD41FE}.Debug|Any CPU.ActiveCfg = Debug|x64
		{15DB11B6-9976-44DD-822B-D59B49DD41FE}.Debug|Any CPU.Build.0 = Debug|x64
		{15DB11B6-9976-44DD-822B-D59B49DD41FE}.Debug|x64.ActiveCfg = Debug|x64
		{15DB11B6-9976-44DD-822B-D59B49DD41FE}.Debug|x64.Build.0 = Debug|x64
		{15DB11B6-9976-44DD-822B-D59B49DD41FE}.Debug|x86.ActiveCfg = Debug|Win32
		{15DB11B6-9976-44DD-822B-D59B49DD41FE}.Debug|x86.Build.0 = Debug|Win32
		{15DB11B6-9976-44DD-822B-D59B49DD41FE}.Release|Any CPU.ActiveCfg = Release|x64
		{15DB11B6-9976-44DD-822B-D59B49DD41FE}.Release|Any CPU.Build.0 = Release|x64
		{15DB11B6-9976-44DD-822B-D59B49DD41FE}.Release|x64.ActiveCfg = Release|x64
		{15DB11B6-9976-44DD-822B-D59B49DD41FE}.Release|x64.Build.0 = Release|x64
		{15DB11B6-9976-44DD-822B-D59B49DD41FE}.Release|x86.ActiveCfg = Release|Win32
		{15DB11B6-9976-44DD-822B-D59B49DD41FE}.Release|x86.Build.0 = Release|Win32
		{0699A201-1F2A-405C-9FA5-2D72ECE2DC36}.Debug|Any CPU.ActiveCfg = Debug|x64
		{0699A201-1F2A-405C-9FA5-2D72ECE2DC36}.Debug|Any CPU.Build.0 = Debug|x64
		{0699A201-1F2A-405C-9FA5-2D72ECE2DC36}.Debug|x64.ActiveCfg = Debug|x64
		{0699A201-1F2A-405C-9FA5-2D72ECE2DC36}.Debug|x64.Build.0 = Debug|x64
		{0699A201-1F2A-405C-9FA5-2D72ECE2DC36}.Debug|x86.ActiveCfg = Debug|Win32
		{0699A201-1F2A-405C-9FA5-2D72ECE2DC36}.Debug|x86.Build.0 = Debug|Win32
		{0699A201-1F2A-405C-9FA5-2D72ECE2DC36}.Release|Any CPU.ActiveCfg = Release|x64
		{0699A201-1F2A-405C-9FA5-2D72ECE2DC36}.Release|Any CPU.Build.0 = Release|x64
		{0699A201-1F2A-405C-9FA5-2D72ECE2DC36}.Release|x64.ActiveCfg = Release|x64
		{0699A201-1F2A-405C-9FA5-2D72ECE2DC36}.Release|x64.Build.0 = Release|x64
		{0699A201-1F2A-405C-9FA5-2D72ECE2DC36}.Release|x86.ActiveCfg = Release|Win32
		{0699A201-1F2A-405C-9FA5-2D72ECE2DC36}.Release|x86.Build.0 = Release|Win32
		{F76095D7-140E-4526-B926-4BFF2DE77E46}.Debug|Any CPU.ActiveCfg = Debug|x64
		{F76095D7-140E-4526-B926-4BFF2DE77E46}.Debug|Any CPU.Build.0 = Debug|x64
		{F76095D7-140E-4526-B926-4BFF2DE77E46}.Debug|x64.ActiveCfg = Debug|x64
		{F76095D7-140E-4526-B926-4BFF2DE77E46}.Debug|x64.Build.0 = Debug|x64
		{F76095D7-140E-4526-B926-4BFF2DE77E46}.Debug|x86.ActiveCfg = Debug|Win32
		{F76095D7-140E-4526-B926-4BFF2DE77E46}.Debug|x86.Build.0 = Debug|Win32
		{F76095D7-140E-4526-B926-4BFF2DE77E46}.Release|Any CPU.ActiveCfg = Release|x64
		{F76095D7-140E-4526-B926-4BFF2DE77E46}.Release|Any CPU.Build.0 = Release|x64
		{F76095D7-140E-4526-B926-4BFF2DE77E46}.Release|x64.ActiveCfg = Release|x64
		{F76095D7-140E-4526-B926-4BFF2DE77E46}.Release|x64.Build.0 = Release|x64
		{F76095D7-140E-4526-B926-4BFF2DE77E46}.Release|x86.ActiveCfg = Release|Win32
		{F76095D7-140E-4526-B926-4BFF2DE77E46}.Release|x86.Build.0 = Release|Win32
		{B42E9E16-C577-4225-BDEF-DC2FF77DA82B}.Debug|Any CPU.ActiveCfg = Debug|x64
		{B42E9E16-C577-4225-BDEF-DC2FF77DA82B}.Debug|Any CPU.Build.0 = Debug|x64
		{B42E9E16-C577-4225-BDEF-DC2FF77DA82B}.Debug|x64.ActiveCfg = Debug|x64
		{B42E9E16-C577-4225-BDEF-DC2FF77DA82B}.Debug|x64.Build.0 = Debug|x64
		{B42E9E16-C577-4225-BDEF-DC2FF77DA82B}.Debug|x86.ActiveCfg = Debug|Win32
		{B42E9E16-C577-4225-BDEF-DC2FF77DA82B}.Debug|x86.Build.0 = Debug|Win32
		{B42E9E16-C577-4225-BDEF-DC2FF77DA82B}.Release|Any CPU.ActiveCfg = Release|x64
		{B42E9E16-C577-4225-BDEF-DC2FF77DA82B}.Release|Any CPU.Build.0 = Release|x64
		{B42E9E16-C577-4225-BDEF-DC2FF77DA82B}.Release|x64.ActiveCfg = Release|x64
		{B42E9E16-C577-4225-BDEF-DC2FF77DA82B}.Release|x64.Build.0 = Release|x64
		{B42E9E16-C577-4225-BDEF-DC2FF77DA82B}.Release|x86.ActiveCfg = Release|Win32
		{B42E9E16-C577-4225-BDEF-DC2FF77DA82B}.Release|x86.Build.0 = Release|Win32
		{16A5E763-C875-4D82-8C2F-BF30ACA91D29}.Debug|Any CPU.ActiveCfg = Debug|x64
		{16A5E763-C875-4D82-8C2F-BF30ACA91D29}.Debug|Any CPU.Build.0 = Debug|x64
		{16A5E763-C875-4D82-8C2F-BF30ACA91D29}.Debug|x64.ActiveCfg = Debug|x64
		{16A5E763-C875-4D82-8C2F-BF30ACA91D29}.Debug|x64.Build.0 = Debug|x64
		{16A5E763-C875-4D82-8C2F-BF30ACA91D29}.Debug|x86.ActiveCfg = Debug|Win32
		{16A5E763-C875-4D82-8C2F-BF30ACA91D29}.Debug|x86.Build.0 = Debug|Win32
		{16A5E763-C875-4D82-8C2F-BF30ACA91D29}.Release|Any CPU.ActiveCfg = Release|x64
		{16A5E763-C875-4D82-8C2F-BF30ACA91D29}.Release|Any CPU.Build.0 = Release|x64
		{16A5E763-C875-4D82-8C2F-BF30ACA91D29}.Release|x64.ActiveCfg = Release|x64
		{16A5E763-C875-4D82-8C2F-BF30ACA91D29}.Release|x64.Build.0 = Release|x64
		{16A5E763-C875-4D82-8C2F-BF30ACA91D29}.Release|x86.ActiveCfg = Release|Win32
		{16A5E763-C875-4D82-8C2F-BF30ACA91D29}.Release|x86.Build.0 = Release|Win32
		{2C099C30-9D31-49FC-828A-9D3FA6308C4B}.Debug|Any CPU.ActiveCfg = Debug|x64
		{2C099C30-9D31-49FC-828A-9D3FA6308C4B}.Debug|Any CPU.Build.0 = Debug|x64
		{2C099C30-9D31-49FC-828A-9D3FA6308C4B}.Debug|x64.ActiveCfg = Debug|x64
		{2C099C30-9D31-49FC-828A-9D3FA6308C4B}.Debug|x64.Build.0 = Debug|x64
		{2C099C30-9D31-49FC-828A-9D3FA6308C4B}.Debug|x86.ActiveCfg = Debug|Win32
		{2C099C30-9D31-49FC-828A-9D3FA6308C4B}.Debug|x86.Build.0 = Debug|Win32
		{2C099C30-9D31-49FC-828A-9D3FA6308C4B}.Release|Any CPU.ActiveCfg = Release|x64
		{2C099C30-9D31-49FC-828A-9D3FA6308C4B}.Release|Any CPU.Build.0 = Release|x64
		{2C099C30-9D31-49FC-828A-9D3FA6308C4B}.Release|x64.ActiveCfg = Release|x64
		{2C099C30-9D31-49FC-828A-9D3FA6308C4B}.Release|x64.Build.0 = Release|x64
		{2C099C30-9D31-49FC-828A-9D3FA6308C4B}.Release|x86.ActiveCfg = Release|Win32
		{2C099C30-9D31-49FC-828A-9D3FA6308C4B}.Release|x86.Build.0 = Release|Win32
		{84D010C5-62A8-4126-B159-30AA9B83C73D}.Debug|Any CPU.ActiveCfg = Debug|x64
		{84D010C5-62A8-4126-B159-30AA9B83C73D}.Debug|Any CPU.Build.0 = Debug|x64
		{84D010C5-62A8-4126-B159-30AA9B83C73D}.Debug|x64.ActiveCfg = Debug|x64
		{84D010C5-62A8-4126-B159-30AA9B83C73D}.Debug|x64.Build.0 = Debug|x64
		{84D010C5-62A8-4126-B159-30AA9B83C73D}.Debug|x86.ActiveCfg = Debug|Win32
		{84D010C5-62A8-4126-B159-30AA9B83C73D}.Debug|x86.Build.0 = Debug|Win32
		{84D010C5-62A8-4126-B159-30AA9B83C73D}.Release|Any CPU.ActiveCfg = Release|x64
		{84D010C5-62A8-4126-B159-30AA9B83C73D}.Release|Any CPU.Build.0 = Release|x64
		{84D010C5-62A8-4126-B159-30AA9B83C73D}.Release|x64.ActiveCfg = Release|x64
		{84D010C5-62A8-4126-B159-30AA9B83C73D}.Release|x64.Build.0 = Release|x64
		{84D010C5-62A8-4126-B159-30AA9B83C73D}.Release|x86.ActiveCfg = Release|Win32
		{84D010C5-62A8-4126-B159-30AA9B83C73D}.Release|x86.Build.0 = Release|Win32
		{108A19E3-CFA1-428D-961B-4635A6667312}.Debug|Any CPU.ActiveCfg = Debug|x64
		{108A19E3-CFA1-428D-961B-4635A6667312}.Debug|Any CPU.Build.0 = Debug|x64
		{108A19E3-CFA1-428D-961B-4635A6667312}.Debug|x64.ActiveCfg = Debug|x64
		{108A19E3-CFA1-428D-961B-4635A6667312}.Debug|x64.Build.0 = Debug|x64
		{108A19E3-CFA1-428D-961B-4635A6667312}.Debug|x86.ActiveCfg = Debug|Win32
		{108A19E3-CFA1-428D-961B-4635A6667312}.Debug|x86.Build.0 = Debug|Win32
		{108A19E3-CFA1-428D-961B-4635A6667312}.Release|Any CPU.ActiveCfg = Release|x64
		{108A19E3-CFA1-428D-961B-4635A6667312}.Release|Any CPU.Build.0 = Release|x64
		{108A19E3-CFA1-428D-961B-4635A6667312}.Release|x64.ActiveCfg = Release|x64
		{108A19E3-CFA1-428D-961B-4635A6667312}.Release|x64.Build.0 = Release|x64
		{108A19E3-CFA1-428D-961B-4635A6667312}.Release|x86.ActiveCfg = Release|Win32
		{108A19E3-CFA1-428D-961B-4635A6667312}.Release|x86.Build.0 = Release|Win32
		{0D7DE798-CA9A-458A-AAE3-C3FD9BD4AF69}.Debug|Any CPU.ActiveCfg = Debug|x64
		{0D7DE798-CA9A-458A-AAE3-C3FD9BD4AF69}.Debug|Any CPU.Build.0 = Debug|x64
		{0D7DE798-CA9A-458A-AAE3-C3FD9BD4AF69}.Debug|x64.ActiveCfg = Debug|x64
		{0D7DE798-CA9A-458A-AAE3-C3FD9BD4AF69}.Debug|x64.Build.0 = Debug|x64
		{0D7DE798-CA9A-458A-AAE3-C3FD9BD4AF69}.Debug|x86.ActiveCfg = Debug|Win32
		{0D7DE798-CA9A-458A-AAE3-C3FD9BD4AF69}.Debug|x86.Build.0 = Debug|Win32
		{0D7DE798-CA9A-458A-AAE3-C3FD9BD4AF69}.Release|Any CPU.ActiveCfg = Release|x64
		{0D7DE798-CA9A-458A-AAE3-C3FD9BD4AF69}.Release|Any CPU.Build.0 = Release|x64
		{0D7DE798-CA9A-458A-AAE3-C3FD9BD4AF69}.Release|x64.ActiveCfg = Release|x64
		{0D7DE798-CA9A-458A-AAE3-C3FD9BD4AF69}.Release|x64.Build.0 = Release|x64
		{0D7DE798-CA9A-458A-AAE3-C3FD9BD4AF69}.Release|x86.ActiveCfg = Release|Win32
		{0D7DE798-CA9A-458A-AAE3-C3FD9BD4AF69}.Release|x86.Build.0 = Release|Win32
		{6213DB36-CD04-4055-A328-12ADB0E11A50}.Debug|Any CPU.ActiveCfg = Debug|x64
		{6213DB36-CD04-4055-A328-12ADB0E11A50}.Debug|Any CPU.Build.0 = Debug|x64
		{6213DB36-CD04-4055-A328-12ADB0E11A50}.Debug|x64.ActiveCfg = Debug|x64
		{6213DB36-CD04-4055-A328-12ADB0E11A50}.Debug|x64.Build.0 = Debug|x64
		{6213DB36-CD04-4055-A328-12ADB0E11A50}.Debug|x86.ActiveCfg = Debug|Win32
		{6213DB36-CD04-4055-A328-12ADB0E11A50}.Debug|x86.Build.0 = Debug|Win32
		{6213DB36-CD04-4055-A328-12ADB0E11A50}.Release|Any CPU.ActiveCfg = Release|x64
		{6213DB36-CD04-4055-A328-12ADB0E11A50}.Release|Any CPU.Build.0 = Release|x64
		{6213DB36-CD04-4055-A328-12ADB0E11A50}.Release|x64.ActiveCfg = Release|x64
		{6213DB36-CD04-4055-A328-12ADB0E11A50}.Release|x64.Build.0 = Release|x64
		{6213DB36-CD04-4055-A328-12ADB0E11A50}.Release|x86.ActiveCfg = Release|Win32
		{6213DB36-CD04-4055-A328-12ADB0E11A50}.Release|x86.Build.0 = Release|Win32
		{1BE6B5CA-280F-4E7D-86EB-97088D12F4FA}.Debug|Any CPU.ActiveCfg = Debug|x64
		{1BE6B5CA-280F-4E7D-86EB-97088D12F4FA}.Debug|Any CPU.Build.0 = Debug|x64
		{1BE6B5CA-280F-4E7D-86EB-97088D12F4FA}.Debug|x64.ActiveCfg = Debug|x64
		{1BE6B5CA-280F-4E7D-86EB-97088D12F4FA}.Debug|x64.Build.0 = Debug|x64
		{1BE6B5CA-280F-4E7D-86EB-97088D12F4FA}.Debug|x86.ActiveCfg = Debug|Win32
		{1BE6B5CA-280F-4E7D-86EB-97088D12F4FA}.Debug|x86.Build.0 = Debug|Win32
		{1BE6B5CA-280F-4E7D-86EB-97088D12F4FA}.Release|Any CPU.ActiveCfg = Release|x64
		{1BE6B5CA-280F-4E7D-86EB-97088D12F4FA}.Release|Any CPU.Build.0 = Release|x64
		{1BE6B5CA-280F-4E7D-86EB-97088D12F4FA}.Release|x64.ActiveCfg = Release|x64
		{1BE6B5CA-280F-4E7D-86EB-97088D12F4FA}.Release|x64.Build.0 = Release|x64
		{1BE6B5CA-280F-4E7D-86EB-97088D12F4FA}.Release|x86.ActiveCfg = Release|Win32
		{1BE6B5CA-280F-4E7D-86EB-97088D12F4FA}.Release|x86.Build.0 = Release|Win32
		{39D92C07-0738-407B-8E12-FA9A454E2354}.Debug|Any CPU.ActiveCfg = Debug|x64
		{39D92C07-0738-407B-8E12-FA9A454E2354}.Debug|Any CPU.Build.0 = Debug|x64
		{39D92C07-0738-407B-8E12-FA9A454E2354}.Debug|x64.ActiveCfg = Debug|x64
		{39D92C07-0738-407B-8E12-FA9A454E2354}.Debug|x64.Build.0 = Debug|x64
		{39D92C07-0738-407B-8E12-FA9A454E2354}.Debug|x86.ActiveCfg = Debug|Win32
		{39D92C07-0738-407B-8E12-FA9A454E2354}.Debug|x86.Build.0 = Debug|Win32
		{39D92C07-0738-407B-8E12-FA9A454E2354}.Release|Any CPU.ActiveCfg = Release|x64
		{39D92C07-0738-407B-8E12-FA9A454E2354}.Release|Any CPU.Build.0 = Release|x64
		{39D92C07-0738-407B-8E12-FA9A454E2354}.Release|x64.ActiveCfg = Release|x64
		{39D92C07-0738-407B-8E12-FA9A454E2354}.Release|x64.Build.0 = Release|x64
		{39D92C07-0738-407B-8E12-FA9A454E2354}.Release|x86.ActiveCfg = Release|Win32
		{39D92C07-0738-407B-8E12-FA9A454E2354}.Release|x86.Build.0 = Release|Win32
		{6632DAC4-CD55-4781-B51D-3D9229FB625C}.Debug|Any CPU.ActiveCfg = Debug|x64
		{6632DAC4-CD55-4781-B51D-3D9229FB625C}.Debug|Any CPU.Build.0 = Debug|x64
		{6632DAC4-CD55-4781-B51D-3D9229FB625C}.Debug|x64.ActiveCfg = Debug|x64
		{6632DAC4-CD55-4781-B51D-3D9229FB625C}.Debug|x64.Build.0 = Debug|x64
		{6632DAC4-CD55-4781-B51D-3D9229FB625C}.Debug|x86.ActiveCfg = Debug|Win32
		{6632DAC4-CD55-4781-B51D-3D9229FB625C}.Debug|x86.Build.0 = Debug|Win32
		{6632DAC4-CD55-4781-B51D-3D9229FB625C}.Release|Any CPU.ActiveCfg = Release|x64
		{6632DAC4-CD55-4781-B51D-3D9229FB625C}.Release|Any CPU.Build.0 = Release|x64
		{6632DAC4-CD55-4781-B51D-3D9229FB625C}.Release|x64.ActiveCfg = Release|x64
		{6632DAC4-CD55-4781-B51D-3D9229FB625C}.Release|x64.Build.0 = Release|x64
		{6632DAC4-CD55-4781-B51D-3D9229FB625C}.Release|x86.ActiveCfg = Release|Win32
		{6632DAC4-CD55-4781-B51D-3D9229FB625C}.Release|x86.Build.0 = Release|Win32
		{A4303619-4833-4868-8C7A-0C144FA00D0A}.Debug|Any CPU.ActiveCfg = Debug|x64
		{A4303619-4833-4868-8C7A-0C144FA00D0A}.Debug|Any CPU.Build.0 = Debug|x64
		{A4303619-4833-4868-8C7A-0C144FA00D0A}.Debug|x64.ActiveCfg = Debug|x64
		{A4303619-4833-4868-8C7A-0C144FA00D0A}.Debug|x64.Build.0 = Debug|x64
		{A4303619-4833-4868-8C7A-0C144FA00D0A}.Debug|x86.ActiveCfg = Debug|Win32
		{A4303619-4833-4868-8C7A-0C144FA00D0A}.Debug|x86.Build.0 = Debug|Win32
		{A4303619-4833-4868-8C7A-0C144FA00D0A}.Release|Any CPU.ActiveCfg = Release|x64
		{A4303619-4833-4868-8C7A-0C144FA00D0A}.Release|Any CPU.Build.0 = Release|x64
		{A4303619-4833-4868-8C7A-0C144FA00D0A}.Release|x64.ActiveCfg = Release|x64
		{A4303619-4833-4868-8C7A-0C144FA00D0A}.Release|x64.Build.0 = Release|x64
		{A4303619-4833-4868-8C7A-0C144FA00D0A}.Release|x86.ActiveCfg = Release|Win32
		{A4303619-4833-4868-8C7A-0C144FA00D0A}.Release|x86.Build.0 = Release|Win32
		{ED5CB70D-4F89-4C23-99EA-1ABCAB89CACD}.Debug|Any CPU.ActiveCfg = Debug|x64
		{ED5CB70D-4F89-4C23-99EA-1ABCAB89CACD}.Debug|Any CPU.Build.0 = Debug|x64
		{ED5CB70D-4F89-4C23-99EA-1ABCAB89CACD}.Debug|x64.ActiveCfg = Debug|x64
		{ED5CB70D-4F89-4C23-99EA-1ABCAB89CACD}.Debug|x64.Build.0 = Debug|x64
		{ED5CB70D-4F89-4C23-99EA-1ABCAB89CACD}.Debug|x86.ActiveCfg = Debug|Win32
		{ED5CB70D-4F89-4C23-99EA-1ABCAB89CACD}.Debug|x86.Build.0 = Debug|Win32
		{ED5CB70D-4F89-4C23-99EA-1ABCAB89CACD}.Release|Any CPU.ActiveCfg = Release|x64
		{ED5CB70D-4F89-4C23-99EA-1ABCAB89CACD}.Release|Any CPU.Build.0 = Release|x64
		{ED5CB70D-4F89-4C23-99EA-1ABCAB89CACD}.Release|x64.ActiveCfg = Release|x64
		{ED5CB70D-4F89-4C23-99EA-1ABCAB89CACD}.Release|x64.Build.0 = Release|x64
		{ED5CB70D-4F89-4C23-99EA-1ABCAB89CACD}.Release|x86.ActiveCfg = Release|Win32
		{ED5CB70D-4F89-4C23-99EA-1ABCAB89CACD}.Release|x86.Build.0 = Release|Win32
		{D698BDCD-17F4-495C-A33D-88F2083E22B2}.Debug|Any CPU.ActiveCfg = Debug|x64
		{D698BDCD-17F4-495C-A33D-88F2083E22B2}.Debug|Any CPU.Build.0 = Debug|x64
		{D698BDCD-17F4-495C-A33D-88F2083E22B2}.Debug|x64.ActiveCfg = Debug|x64
		{D698BDCD-17F4-495C-A33D-88F2083E22B2}.Debug|x64.Build.0 = Debug|x64
		{D698BDCD-17F4-495C-A33D-88F2083E22B2}.Debug|x86.ActiveCfg = Debug|Win32
		{D698BDCD-17F4-495C-A33D-88F2083E22B2}.Debug|x86.Build.0 = Debug|Win32
		{D698BDCD-17F4-495C-A33D-88F2083E22B2}.Release|Any CPU.ActiveCfg = Release|x64
		{D698BDCD-17F4-495C-A33D-88F2083E22B2}.Release|Any CPU.Build.0 = Release|x64
		{D698BDCD-17F4-495C-A33D-88F2083E22B2}.Release|x64.ActiveCfg = Release|x64
		{D698BDCD-17F4-495C-A33D-88F2083E22B2}.Release|x64.Build.0 = Release|x64
		{D698BDCD-17F4-495C-A33D-88F2083E22B2}.Release|x86.ActiveCfg = Release|Win32
		{D698BDCD-17F4-495C-A33D-88F2083E22B2}.Release|x86.Build.0 = Release|Win32
		{1EF8E092-83AE-4C93-93B7-B13141675014}.Debug|Any CPU.ActiveCfg = Debug|x64
		{1EF8E092-83AE-4C93-93B7-B13141675014}.Debug|Any CPU.Build.0 = Debug|x64
		{1EF8E092-83AE-4C93-93B7-B13141675014}.Debug|x64.ActiveCfg = Debug|x64
		{1EF8E092-83AE-4C93-93B7-B13141675014}.Debug|x64.Build.0 = Debug|x64
		{1EF8E092-83AE-4C93-93B7-B13141675014}.Debug|x86.ActiveCfg = Debug|Win32
		{1EF8E092-83AE-4C93-93B7-B13141675014}.Debug|x86.Build.0 = Debug|Win32
		{1EF8E092-83AE-4C93-93B7-B13141675014}.Release|Any CPU.ActiveCfg = Release|x64
		{1EF8E092-83AE-4C93-93B7-B13141675014}.Release|Any CPU.Build.0 = Release|x64
		{1EF8E092-83AE-4C93-93B7-B13141675014}.Release|x64.ActiveCfg = Release|x64
		{1EF8E092-83AE-4C93-93B7-B13141675014}.Release|x64.Build.0 = Release|x64
		{1EF8E092-83AE-4C93-93B7-B13141675014}.Release|x86.ActiveCfg = Release|Win32
		{1EF8E092-83AE-4C93-93B7-B13141675014}.Release|x86.Build.0 = Release|Win32
		{D48BAE72-0B71-44BE-8592-802263DFC6C9}.Debug|Any CPU.ActiveCfg = Debug|x64
		{D48BAE72-0B71-44BE-8592-802263DFC6C9}.Debug|Any CPU.Build.0 = Debug|x64
		{D48BAE72-0B71-44BE-8592-802263DFC6C9}.Debug|x64.ActiveCfg = Debug|x64
		{D48BAE72-0B71-44BE-8592-802263DFC6C9}.Debug|x64.Build.0 = Debug|x64
		{D48BAE72-0B71-44BE-8592-802263DFC6C9}.Debug|x86.ActiveCfg = Debug|Win32
		{D48BAE72-0B71-44BE-8592-802263DFC6C9}.Debug|x86.Build.0 = Debug|Win32
		{D48BAE72-0B71-44BE-8592-802263DFC6C9}.Release|Any CPU.ActiveCfg = Release|x64
		{D48BAE72-0B71-44BE-8592-802263DFC6C9}.Release|Any CPU.Build.0 = Release|x64
		{D48BAE72-0B71-44BE-8592-802263DFC6C9}.Release|x64.ActiveCfg = Release|x64
		{D48BAE72-0B71-44BE-8592-802263DFC6C9}.Release|x64.Build.0 = Release|x64
		{D48BAE72-0B71-44BE-8592-802263DFC6C9}.Release|x86.ActiveCfg = Release|Win32
		{D48BAE72-0B71-44BE-8592-802263DFC6C9}.Release|x86.Build.0 = Release|Win32
		{0BAD4D79-8465-41C8-96E8-BB12C434B5ED}.Debug|Any CPU.ActiveCfg = Debug|Any CPU
		{0BAD4D79-8465-41C8-96E8-BB12C434B5ED}.Debug|Any CPU.Build.0 = Debug|Any CPU
		{0BAD4D79-8465-41C8-96E8-BB12C434B5ED}.Debug|x64.ActiveCfg = Debug|Any CPU
		{0BAD4D79-8465-41C8-96E8-BB12C434B5ED}.Debug|x64.Build.0 = Debug|Any CPU
		{0BAD4D79-8465-41C8-96E8-BB12C434B5ED}.Debug|x86.ActiveCfg = Debug|Any CPU
		{0BAD4D79-8465-41C8-96E8-BB12C434B5ED}.Debug|x86.Build.0 = Debug|Any CPU
		{0BAD4D79-8465-41C8-96E8-BB12C434B5ED}.Release|Any CPU.ActiveCfg = Release|Any CPU
		{0BAD4D79-8465-41C8-96E8-BB12C434B5ED}.Release|Any CPU.Build.0 = Release|Any CPU
		{0BAD4D79-8465-41C8-96E8-BB12C434B5ED}.Release|x64.ActiveCfg = Release|Any CPU
		{0BAD4D79-8465-41C8-96E8-BB12C434B5ED}.Release|x64.Build.0 = Release|Any CPU
		{0BAD4D79-8465-41C8-96E8-BB12C434B5ED}.Release|x86.ActiveCfg = Release|Any CPU
		{0BAD4D79-8465-41C8-96E8-BB12C434B5ED}.Release|x86.Build.0 = Release|Any CPU
	EndGlobalSection
	GlobalSection(SolutionProperties) = preSolution
		HideSolutionNode = FALSE
	EndGlobalSection
	GlobalSection(NestedProjects) = preSolution
		{9839DB58-4A79-46CD-A9E9-7AD24493CDDD} = {7D7DCDF5-3C95-466F-A89A-3098DC90CAE1}
		{00C6CCD5-E8E7-48E1-AC30-A32887E3F1BE} = {7D7DCDF5-3C95-466F-A89A-3098DC90CAE1}
		{7D7DCDF5-3C95-466F-A89A-3098DC90CAE1} = {0F2B6D61-D1AF-4B7E-926A-4FFEBEB2CDF5}
		{90416BDF-3471-418F-81F8-69D88EE6BC11} = {0F2B6D61-D1AF-4B7E-926A-4FFEBEB2CDF5}
		{FB8C1456-40F5-4222-8AB0-9EA51035F122} = {90416BDF-3471-418F-81F8-69D88EE6BC11}
		{15DB11B6-9976-44DD-822B-D59B49DD41FE} = {90416BDF-3471-418F-81F8-69D88EE6BC11}
		{0699A201-1F2A-405C-9FA5-2D72ECE2DC36} = {90416BDF-3471-418F-81F8-69D88EE6BC11}
		{F76095D7-140E-4526-B926-4BFF2DE77E46} = {90416BDF-3471-418F-81F8-69D88EE6BC11}
		{9A540EB4-B093-40D3-A4A7-4B339327D064} = {0F2B6D61-D1AF-4B7E-926A-4FFEBEB2CDF5}
		{B42E9E16-C577-4225-BDEF-DC2FF77DA82B} = {9A540EB4-B093-40D3-A4A7-4B339327D064}
		{16A5E763-C875-4D82-8C2F-BF30ACA91D29} = {9A540EB4-B093-40D3-A4A7-4B339327D064}
		{C6E40D4E-C6B6-498B-8816-63B65F6D4E7B} = {0F2B6D61-D1AF-4B7E-926A-4FFEBEB2CDF5}
		{2C099C30-9D31-49FC-828A-9D3FA6308C4B} = {C6E40D4E-C6B6-498B-8816-63B65F6D4E7B}
		{4E296CD5-645F-4259-8C4A-5D4DA0595471} = {0F2B6D61-D1AF-4B7E-926A-4FFEBEB2CDF5}
		{84D010C5-62A8-4126-B159-30AA9B83C73D} = {4E296CD5-645F-4259-8C4A-5D4DA0595471}
		{44A1644D-87A7-4575-9071-2A3021AC8017} = {0F2B6D61-D1AF-4B7E-926A-4FFEBEB2CDF5}
		{108A19E3-CFA1-428D-961B-4635A6667312} = {44A1644D-87A7-4575-9071-2A3021AC8017}
		{0F2B6D61-D1AF-4B7E-926A-4FFEBEB2CDF5} = {02EA681E-C7D8-13C7-8484-4AC65E1B71E8}
		{6A3A5C9F-DD69-434E-A36B-51E187577D99} = {02EA681E-C7D8-13C7-8484-4AC65E1B71E8}
		{E58C06F5-1255-4632-BB75-1EC38828E67C} = {6A3A5C9F-DD69-434E-A36B-51E187577D99}
		{0D7DE798-CA9A-458A-AAE3-C3FD9BD4AF69} = {E58C06F5-1255-4632-BB75-1EC38828E67C}
		{6213DB36-CD04-4055-A328-12ADB0E11A50} = {E58C06F5-1255-4632-BB75-1EC38828E67C}
		{1BE6B5CA-280F-4E7D-86EB-97088D12F4FA} = {E58C06F5-1255-4632-BB75-1EC38828E67C}
		{39D92C07-0738-407B-8E12-FA9A454E2354} = {E58C06F5-1255-4632-BB75-1EC38828E67C}
		{6632DAC4-CD55-4781-B51D-3D9229FB625C} = {E58C06F5-1255-4632-BB75-1EC38828E67C}
		{D1D5BBB3-BBDA-4B6D-9B18-12E45644500C} = {6A3A5C9F-DD69-434E-A36B-51E187577D99}
		{A4303619-4833-4868-8C7A-0C144FA00D0A} = {D1D5BBB3-BBDA-4B6D-9B18-12E45644500C}
		{721E8B1A-A762-4980-BFBE-123A272FAD16} = {6A3A5C9F-DD69-434E-A36B-51E187577D99}
		{ED5CB70D-4F89-4C23-99EA-1ABCAB89CACD} = {721E8B1A-A762-4980-BFBE-123A272FAD16}
		{2DF9C87D-FFA6-4880-8B64-01E469FD58B6} = {02EA681E-C7D8-13C7-8484-4AC65E1B71E8}
		{D698BDCD-17F4-495C-A33D-88F2083E22B2} = {2DF9C87D-FFA6-4880-8B64-01E469FD58B6}
		{1EF8E092-83AE-4C93-93B7-B13141675014} = {2DF9C87D-FFA6-4880-8B64-01E469FD58B6}
		{D48BAE72-0B71-44BE-8592-802263DFC6C9} = {2DF9C87D-FFA6-4880-8B64-01E469FD58B6}
		{0BAD4D79-8465-41C8-96E8-BB12C434B5ED} = {CD9D3C4B-69CC-4818-8A69-4235B0E4E975}
	EndGlobalSection
	GlobalSection(ExtensibilityGlobals) = postSolution
		SolutionGuid = {34C36E17-B9A8-4CB1-99CD-669B47983D88}
	EndGlobalSection
EndGlobal
